
Microsoft Visual Studio Solution File, Format Version 12.00
# Visual Studio 15
VisualStudioVersion = 15.0.27130.2024
MinimumVisualStudioVersion = 10.0.40219.1
Project("{FAE04EC0-301F-11D3-BF4B-00C04F79EFBC}") = "StringLibrary", "StringLibrary\StringLibrary.csproj", "{8A7FFEA4-BA8F-4EA1-A0E4-738A17DB85F4}"
EndProject
Project("{FAE04EC0-301F-11D3-BF4B-00C04F79EFBC}") = "StringLibraryTest", "StringLibraryTest\StringLibraryTest.csproj", "{43921B51-BCBE-452B-AADA-06CEA06C054B}"
EndProject
Project("{FAE04EC0-301F-11D3-BF4B-00C04F79EFBC}") = "ShowCase", "ShowCase\ShowCase.csproj", "{3ABC60FB-563C-4575-9AF1-29D8709F54A5}"
EndProject
Global
	GlobalSection(SolutionConfigurationPlatforms) = preSolution
		Debug|Any CPU = Debug|Any CPU
		Release|Any CPU = Release|Any CPU
	EndGlobalSection
	GlobalSection(ProjectConfigurationPlatforms) = postSolution
		{8A7FFEA4-BA8F-4EA1-A0E4-738A17DB85F4}.Debug|Any CPU.ActiveCfg = Debug|Any CPU
		{8A7FFEA4-BA8F-4EA1-A0E4-738A17DB85F4}.Debug|Any CPU.Build.0 = Debug|Any CPU
		{8A7FFEA4-BA8F-4EA1-A0E4-738A17DB85F4}.Release|Any CPU.ActiveCfg = Release|Any CPU
		{8A7FFEA4-BA8F-4EA1-A0E4-738A17DB85F4}.Release|Any CPU.Build.0 = Release|Any CPU
		{43921B51-BCBE-452B-AADA-06CEA06C054B}.Debug|Any CPU.ActiveCfg = Debug|Any CPU
		{43921B51-BCBE-452B-AADA-06CEA06C054B}.Debug|Any CPU.Build.0 = Debug|Any CPU
		{43921B51-BCBE-452B-AADA-06CEA06C054B}.Release|Any CPU.ActiveCfg = Release|Any CPU
		{43921B51-BCBE-452B-AADA-06CEA06C054B}.Release|Any CPU.Build.0 = Release|Any CPU
		{3ABC60FB-563C-4575-9AF1-29D8709F54A5}.Debug|Any CPU.ActiveCfg = Debug|Any CPU
		{3ABC60FB-563C-4575-9AF1-29D8709F54A5}.Debug|Any CPU.Build.0 = Debug|Any CPU
		{3ABC60FB-563C-4575-9AF1-29D8709F54A5}.Release|Any CPU.ActiveCfg = Release|Any CPU
		{3ABC60FB-563C-4575-9AF1-29D8709F54A5}.Release|Any CPU.Build.0 = Release|Any CPU
	EndGlobalSection
	GlobalSection(SolutionProperties) = preSolution
		HideSolutionNode = FALSE
	EndGlobalSection
	GlobalSection(ExtensibilityGlobals) = postSolution
		SolutionGuid = {753F62B4-FD59-495F-9D0B-28C5B4EDEBF6}
	EndGlobalSection
EndGlobal
